
Microsoft Visual Studio Solution File, Format Version 12.00
# Visual Studio Version 17
VisualStudioVersion = 17.0.31903.59
MinimumVisualStudioVersion = 10.0.40219.1
Project("{2150E333-8FDC-42A3-9474-1A3956D46DE8}") = "Services", "Services", "{BF952C52-C2EE-4174-B983-FFE55AB50E5D}"
EndProject
Project("{2150E333-8FDC-42A3-9474-1A3956D46DE8}") = "Catalog", "Catalog", "{180849D6-9682-4243-B5F5-16FD8A2E22F7}"
EndProject
Project("{FAE04EC0-301F-11D3-BF4B-00C04F79EFBC}") = "Catalog.API", "Services\Catalog\Catalog.API\Catalog.API.csproj", "{76CFB9D4-BF8F-4A89-887B-7138ECB1F698}"
EndProject
Global
	GlobalSection(SolutionConfigurationPlatforms) = preSolution
		Debug|Any CPU = Debug|Any CPU
		Release|Any CPU = Release|Any CPU
	EndGlobalSection
	GlobalSection(ProjectConfigurationPlatforms) = postSolution
		{76CFB9D4-BF8F-4A89-887B-7138ECB1F698}.Debug|Any CPU.ActiveCfg = Debug|Any CPU
		{76CFB9D4-BF8F-4A89-887B-7138ECB1F698}.Debug|Any CPU.Build.0 = Debug|Any CPU
		{76CFB9D4-BF8F-4A89-887B-7138ECB1F698}.Release|Any CPU.ActiveCfg = Release|Any CPU
		{76CFB9D4-BF8F-4A89-887B-7138ECB1F698}.Release|Any CPU.Build.0 = Release|Any CPU
	EndGlobalSection
	GlobalSection(SolutionProperties) = preSolution
		HideSolutionNode = FALSE
	EndGlobalSection
	GlobalSection(NestedProjects) = preSolution
		{180849D6-9682-4243-B5F5-16FD8A2E22F7} = {BF952C52-C2EE-4174-B983-FFE55AB50E5D}
		{76CFB9D4-BF8F-4A89-887B-7138ECB1F698} = {180849D6-9682-4243-B5F5-16FD8A2E22F7}
	EndGlobalSection
	GlobalSection(ExtensibilityGlobals) = postSolution
		SolutionGuid = {DB86B5D6-6606-4437-8DB4-34C8A83F3BCE}
	EndGlobalSection
EndGlobal
